version = 1
revision = 3
requires-python = ">=3.10"

[[package]]
name = "pyparsing"
version = "3.3.2"
source = { registry = "https://pypi.org/simple" }
sdist = { url = "https://files.pythonhosted.org/packages/f3/91/9c6ee907786a473bf81c5f53cf703ba0957b23ab84c264080fb5a450416f/pyparsing-3.3.2.tar.gz", hash = "sha256:c777f4d763f140633dcb6d8a3eda953bf7a214dc4eff598413c070bcdc117cbc", size = 6851574, upload-time = "2026-01-21T03:57:59.36Z" }
wheels = [
    { url = "https://files.pythonhosted.org/packages/10/bd/c038d7cc38edc1aa5bf91ab8068b63d4308c66c4c8bb3cbba7dfbc049f9c/pyparsing-3.3.2-py3-none-any.whl", hash = "sha256:850ba148bd908d7e2411587e247a1e4f0327839c40e2e5e6d05a007ecc69911d", size = 122781, upload-time = "2026-01-21T03:57:55.912Z" },
]

[[package]]
name = "versiref"
version = "0.2.0"
source = { registry = "https://pypi.org/simple" }
dependencies = [
    { name = "pyparsing" },
]
sdist = { url = "https://files.pythonhosted.org/packages/9c/d5/9621dec7da0a187e37e65d84b72f4dcf1919b0f5bd0a819d3684ae497be0/versiref-0.2.0.tar.gz", hash = "sha256:d383db526225afcf539922f281dce03f4eae2bae1ec9998e1a4a8bb91e05bf58", size = 46199, upload-time = "2026-02-02T14:09:28.294Z" }
wheels = [
    { url = "https://files.pythonhosted.org/packages/fe/c1/e92fd7bff1bf757202b5da9661e853b3a58ced63d33b36bcb15bda93f14f/versiref-0.2.0-py3-none-any.whl", hash = "sha256:a7d98ccd4477f1719c9f3f17b1a6f6eabd326c4feb5c25e04be965b710aa1ba3", size = 61217, upload-time = "2026-02-02T14:09:29.235Z" },
]

[[package]]
name = "versiref-search"
version = "0.1.0"
source = { editable = "." }
dependencies = [
    { name = "versiref" },
]

[package.metadata]
requires-dist = [{ name = "versiref", specifier = ">=0.2.0" }]
